
Microsoft Visual Studio Solution File, Format Version 12.00
# Visual Studio Version 16
VisualStudioVersion = 16.0.29102.190
MinimumVisualStudioVersion = 10.0.40219.1
Project("{FAE04EC0-301F-11D3-BF4B-00C04F79EFBC}") = "Module3_3", "Module3_3.csproj", "{6B976235-B76C-4BE4-9919-CFA8520EA083}"
EndProject
Global
	GlobalSection(SolutionConfigurationPlatforms) = preSolution
		Debug|Any CPU = Debug|Any CPU
		Release|Any CPU = Release|Any CPU
	EndGlobalSection
	GlobalSection(ProjectConfigurationPlatforms) = postSolution
		{6B976235-B76C-4BE4-9919-CFA8520EA083}.Debug|Any CPU.ActiveCfg = Debug|Any CPU
		{6B976235-B76C-4BE4-9919-CFA8520EA083}.Debug|Any CPU.Build.0 = Debug|Any CPU
		{6B976235-B76C-4BE4-9919-CFA8520EA083}.Release|Any CPU.ActiveCfg = Release|Any CPU
		{6B976235-B76C-4BE4-9919-CFA8520EA083}.Release|Any CPU.Build.0 = Release|Any CPU
	EndGlobalSection
	GlobalSection(SolutionProperties) = preSolution
		HideSolutionNode = FALSE
	EndGlobalSection
	GlobalSection(ExtensibilityGlobals) = postSolution
		SolutionGuid = {C179B76B-02EC-4956-BDCF-BA39E37C6673}
	EndGlobalSection
EndGlobal
