
Microsoft Visual Studio Solution File, Format Version 12.00
# Visual Studio Version 16
VisualStudioVersion = 16.0.29102.190
MinimumVisualStudioVersion = 10.0.40219.1
Project("{FAE04EC0-301F-11D3-BF4B-00C04F79EFBC}") = "Module2_4", "Module2_4.csproj", "{6C393F48-E0E5-4EAC-8953-AEEC0F4B13AE}"
EndProject
Global
	GlobalSection(SolutionConfigurationPlatforms) = preSolution
		Debug|Any CPU = Debug|Any CPU
		Release|Any CPU = Release|Any CPU
	EndGlobalSection
	GlobalSection(ProjectConfigurationPlatforms) = postSolution
		{6C393F48-E0E5-4EAC-8953-AEEC0F4B13AE}.Debug|Any CPU.ActiveCfg = Debug|Any CPU
		{6C393F48-E0E5-4EAC-8953-AEEC0F4B13AE}.Debug|Any CPU.Build.0 = Debug|Any CPU
		{6C393F48-E0E5-4EAC-8953-AEEC0F4B13AE}.Release|Any CPU.ActiveCfg = Release|Any CPU
		{6C393F48-E0E5-4EAC-8953-AEEC0F4B13AE}.Release|Any CPU.Build.0 = Release|Any CPU
	EndGlobalSection
	GlobalSection(SolutionProperties) = preSolution
		HideSolutionNode = FALSE
	EndGlobalSection
	GlobalSection(ExtensibilityGlobals) = postSolution
		SolutionGuid = {4D00E9D0-8844-4B19-A71B-67A6A4A9483F}
	EndGlobalSection
EndGlobal
